
Microsoft Visual Studio Solution File, Format Version 12.00
# Visual Studio Version 17
VisualStudioVersion = 17.7.34031.279
MinimumVisualStudioVersion = 10.0.40219.1
Project("{FAE04EC0-301F-11D3-BF4B-00C04F79EFBC}") = "Academia", "Academia.csproj", "{F76A9341-6E54-4241-8411-68A102AA5D75}"
EndProject
Project("{FAE04EC0-301F-11D3-BF4B-00C04F79EFBC}") = "Datos", "..\Datos\Datos.csproj", "{97202E67-7888-41BE-A18C-42425106CE9E}"
EndProject
Project("{FAE04EC0-301F-11D3-BF4B-00C04F79EFBC}") = "Repositorios", "..\Repositorios\Repositorios.csproj", "{88DA803C-EB35-4255-83D1-4B0D15013E0B}"
EndProject
Project("{FAE04EC0-301F-11D3-BF4B-00C04F79EFBC}") = "Servicio", "..\Servicio\Servicio.csproj", "{5BD77F0C-122E-432E-A9AD-AB78B8F091D5}"
EndProject
Global
	GlobalSection(SolutionConfigurationPlatforms) = preSolution
		Debug|Any CPU = Debug|Any CPU
		Release|Any CPU = Release|Any CPU
	EndGlobalSection
	GlobalSection(ProjectConfigurationPlatforms) = postSolution
		{F76A9341-6E54-4241-8411-68A102AA5D75}.Debug|Any CPU.ActiveCfg = Debug|Any CPU
		{F76A9341-6E54-4241-8411-68A102AA5D75}.Debug|Any CPU.Build.0 = Debug|Any CPU
		{F76A9341-6E54-4241-8411-68A102AA5D75}.Release|Any CPU.ActiveCfg = Release|Any CPU
		{F76A9341-6E54-4241-8411-68A102AA5D75}.Release|Any CPU.Build.0 = Release|Any CPU
		{97202E67-7888-41BE-A18C-42425106CE9E}.Debug|Any CPU.ActiveCfg = Debug|Any CPU
		{97202E67-7888-41BE-A18C-42425106CE9E}.Debug|Any CPU.Build.0 = Debug|Any CPU
		{97202E67-7888-41BE-A18C-42425106CE9E}.Release|Any CPU.ActiveCfg = Release|Any CPU
		{97202E67-7888-41BE-A18C-42425106CE9E}.Release|Any CPU.Build.0 = Release|Any CPU
		{88DA803C-EB35-4255-83D1-4B0D15013E0B}.Debug|Any CPU.ActiveCfg = Debug|Any CPU
		{88DA803C-EB35-4255-83D1-4B0D15013E0B}.Debug|Any CPU.Build.0 = Debug|Any CPU
		{88DA803C-EB35-4255-83D1-4B0D15013E0B}.Release|Any CPU.ActiveCfg = Release|Any CPU
		{88DA803C-EB35-4255-83D1-4B0D15013E0B}.Release|Any CPU.Build.0 = Release|Any CPU
		{5BD77F0C-122E-432E-A9AD-AB78B8F091D5}.Debug|Any CPU.ActiveCfg = Debug|Any CPU
		{5BD77F0C-122E-432E-A9AD-AB78B8F091D5}.Debug|Any CPU.Build.0 = Debug|Any CPU
		{5BD77F0C-122E-432E-A9AD-AB78B8F091D5}.Release|Any CPU.ActiveCfg = Release|Any CPU
		{5BD77F0C-122E-432E-A9AD-AB78B8F091D5}.Release|Any CPU.Build.0 = Release|Any CPU
	EndGlobalSection
	GlobalSection(SolutionProperties) = preSolution
		HideSolutionNode = FALSE
	EndGlobalSection
	GlobalSection(ExtensibilityGlobals) = postSolution
		SolutionGuid = {2F76CC76-4DA9-4C28-A768-09DD63CD32E2}
	EndGlobalSection
EndGlobal
